
Microsoft Visual Studio Solution File, Format Version 12.00
# Visual Studio Version 16
VisualStudioVersion = 16.0.29519.87
MinimumVisualStudioVersion = 10.0.40219.1
Project("{FAE04EC0-301F-11D3-BF4B-00C04F79EFBC}") = "LatvanyossagokApplication", "LatvanyossagokApplication\LatvanyossagokApplication.csproj", "{BD88DB35-C151-4402-8325-608E46C765D2}"
EndProject
Global
	GlobalSection(SolutionConfigurationPlatforms) = preSolution
		Debug|Any CPU = Debug|Any CPU
		Release|Any CPU = Release|Any CPU
	EndGlobalSection
	GlobalSection(ProjectConfigurationPlatforms) = postSolution
		{BD88DB35-C151-4402-8325-608E46C765D2}.Debug|Any CPU.ActiveCfg = Debug|Any CPU
		{BD88DB35-C151-4402-8325-608E46C765D2}.Debug|Any CPU.Build.0 = Debug|Any CPU
		{BD88DB35-C151-4402-8325-608E46C765D2}.Release|Any CPU.ActiveCfg = Release|Any CPU
		{BD88DB35-C151-4402-8325-608E46C765D2}.Release|Any CPU.Build.0 = Release|Any CPU
	EndGlobalSection
	GlobalSection(SolutionProperties) = preSolution
		HideSolutionNode = FALSE
	EndGlobalSection
	GlobalSection(ExtensibilityGlobals) = postSolution
		SolutionGuid = {F292D1C9-3344-4E92-A512-D5D71B3E6E18}
	EndGlobalSection
EndGlobal
